PODS:
  - SDWebImage (5.19.6):
    - SDWebImage/Core (= 5.19.6)
  - SDWebImage/Core (5.19.6)

DEPENDENCIES:
  - SDWebImage

SPEC REPOS:
  trunk:
    - SDWebImage

SPEC CHECKSUMS:
  SDWebImage: a79252b60f4678812d94316c91da69ec83089c9f

PODFILE CHECKSUM: edd122320665c49412999fe8db9809038173e3cb

COCOAPODS: 1.15.2
